
Microsoft Visual Studio Solution File, Format Version 12.00
# Visual Studio 14
VisualStudioVersion = 14.0.23107.0
MinimumVisualStudioVersion = 10.0.40219.1
Project("{FAE04EC0-301F-11D3-BF4B-00C04F79EFBC}") = "iWindow", "iWindow\iWindow.csproj", "{9A16154E-00A1-45FB-8382-4CE68C6DD89A}"
EndProject
Project("{FAE04EC0-301F-11D3-BF4B-00C04F79EFBC}") = "Porrey.iWindow.Interfaces", "Porrey.iWindow.Interfaces\Porrey.iWindow.Interfaces.csproj", "{055B8692-0B34-4B61-9BB0-3A56CEB8D5DD}"
EndProject
Project("{FAE04EC0-301F-11D3-BF4B-00C04F79EFBC}") = "Porrey.iWindow.Events", "Porrey.iWindow.Events\Porrey.iWindow.Events.csproj", "{D7843C22-D111-4B46-B16C-9E507DD540EF}"
EndProject
Project("{FAE04EC0-301F-11D3-BF4B-00C04F79EFBC}") = "Porrey.iWindow.NtpService", "Porrey.iWindow.NtpService\Porrey.iWindow.NtpService.csproj", "{D0D2E019-A9A4-4598-954B-C560B4667D35}"
EndProject
Project("{2150E333-8FDC-42A3-9474-1A3956D46DE8}") = "Background Services", "Background Services", "{7A56E8CD-AC54-4733-80E4-8AC6A923C70D}"
EndProject
Project("{FAE04EC0-301F-11D3-BF4B-00C04F79EFBC}") = "Porrey.iWindow.TimerService", "Porrey.iWindow.TimerService\Porrey.iWindow.TimerService.csproj", "{2A643A29-C3DE-4D85-951F-90F2F4A9804B}"
EndProject
Project("{FAE04EC0-301F-11D3-BF4B-00C04F79EFBC}") = "Porrey.iWindow.BackgroundService", "Porrey.iWindow.BackgroundService\Porrey.iWindow.BackgroundService.csproj", "{29165098-4BDB-4EDF-8A40-B80B2D89D292}"
EndProject
Project("{FAE04EC0-301F-11D3-BF4B-00C04F79EFBC}") = "Porrey.iWindow.KeypadService", "Porrey.iWindow.KeypadService\Porrey.iWindow.KeypadService.csproj", "{BA95EA77-C000-4CC7-8BC2-85E772200C8F}"
EndProject
Global
	GlobalSection(SolutionConfigurationPlatforms) = preSolution
		Debug|Any CPU = Debug|Any CPU
		Debug|ARM = Debug|ARM
		Debug|x64 = Debug|x64
		Debug|x86 = Debug|x86
		Release|Any CPU = Release|Any CPU
		Release|ARM = Release|ARM
		Release|x64 = Release|x64
		Release|x86 = Release|x86
	EndGlobalSection
	GlobalSection(ProjectConfigurationPlatforms) = postSolution
		{9A16154E-00A1-45FB-8382-4CE68C6DD89A}.Debug|Any CPU.ActiveCfg = Debug|x86
		{9A16154E-00A1-45FB-8382-4CE68C6DD89A}.Debug|ARM.ActiveCfg = Debug|ARM
		{9A16154E-00A1-45FB-8382-4CE68C6DD89A}.Debug|ARM.Build.0 = Debug|ARM
		{9A16154E-00A1-45FB-8382-4CE68C6DD89A}.Debug|ARM.Deploy.0 = Debug|ARM
		{9A16154E-00A1-45FB-8382-4CE68C6DD89A}.Debug|x64.ActiveCfg = Debug|x64
		{9A16154E-00A1-45FB-8382-4CE68C6DD89A}.Debug|x64.Build.0 = Debug|x64
		{9A16154E-00A1-45FB-8382-4CE68C6DD89A}.Debug|x64.Deploy.0 = Debug|x64
		{9A16154E-00A1-45FB-8382-4CE68C6DD89A}.Debug|x86.ActiveCfg = Debug|x86
		{9A16154E-00A1-45FB-8382-4CE68C6DD89A}.Debug|x86.Build.0 = Debug|x86
		{9A16154E-00A1-45FB-8382-4CE68C6DD89A}.Debug|x86.Deploy.0 = Debug|x86
		{9A16154E-00A1-45FB-8382-4CE68C6DD89A}.Release|Any CPU.ActiveCfg = Release|x86
		{9A16154E-00A1-45FB-8382-4CE68C6DD89A}.Release|ARM.ActiveCfg = Release|ARM
		{9A16154E-00A1-45FB-8382-4CE68C6DD89A}.Release|ARM.Build.0 = Release|ARM
		{9A16154E-00A1-45FB-8382-4CE68C6DD89A}.Release|ARM.Deploy.0 = Release|ARM
		{9A16154E-00A1-45FB-8382-4CE68C6DD89A}.Release|x64.ActiveCfg = Release|x64
		{9A16154E-00A1-45FB-8382-4CE68C6DD89A}.Release|x64.Build.0 = Release|x64
		{9A16154E-00A1-45FB-8382-4CE68C6DD89A}.Release|x64.Deploy.0 = Release|x64
		{9A16154E-00A1-45FB-8382-4CE68C6DD89A}.Release|x86.ActiveCfg = Release|x86
		{9A16154E-00A1-45FB-8382-4CE68C6DD89A}.Release|x86.Build.0 = Release|x86
		{9A16154E-00A1-45FB-8382-4CE68C6DD89A}.Release|x86.Deploy.0 = Release|x86
		{055B8692-0B34-4B61-9BB0-3A56CEB8D5DD}.Debug|Any CPU.ActiveCfg = Debug|Any CPU
		{055B8692-0B34-4B61-9BB0-3A56CEB8D5DD}.Debug|Any CPU.Build.0 = Debug|Any CPU
		{055B8692-0B34-4B61-9BB0-3A56CEB8D5DD}.Debug|ARM.ActiveCfg = Debug|ARM
		{055B8692-0B34-4B61-9BB0-3A56CEB8D5DD}.Debug|ARM.Build.0 = Debug|ARM
		{055B8692-0B34-4B61-9BB0-3A56CEB8D5DD}.Debug|x64.ActiveCfg = Debug|x64
		{055B8692-0B34-4B61-9BB0-3A56CEB8D5DD}.Debug|x64.Build.0 = Debug|x64
		{055B8692-0B34-4B61-9BB0-3A56CEB8D5DD}.Debug|x86.ActiveCfg = Debug|x86
		{055B8692-0B34-4B61-9BB0-3A56CEB8D5DD}.Debug|x86.Build.0 = Debug|x86
		{055B8692-0B34-4B61-9BB0-3A56CEB8D5DD}.Release|Any CPU.ActiveCfg = Release|Any CPU
		{055B8692-0B34-4B61-9BB0-3A56CEB8D5DD}.Release|Any CPU.Build.0 = Release|Any CPU
		{055B8692-0B34-4B61-9BB0-3A56CEB8D5DD}.Release|ARM.ActiveCfg = Release|ARM
		{055B8692-0B34-4B61-9BB0-3A56CEB8D5DD}.Release|ARM.Build.0 = Release|ARM
		{055B8692-0B34-4B61-9BB0-3A56CEB8D5DD}.Release|x64.ActiveCfg = Release|x64
		{055B8692-0B34-4B61-9BB0-3A56CEB8D5DD}.Release|x64.Build.0 = Release|x64
		{055B8692-0B34-4B61-9BB0-3A56CEB8D5DD}.Release|x86.ActiveCfg = Release|x86
		{055B8692-0B34-4B61-9BB0-3A56CEB8D5DD}.Release|x86.Build.0 = Release|x86
		{D7843C22-D111-4B46-B16C-9E507DD540EF}.Debug|Any CPU.ActiveCfg = Debug|Any CPU
		{D7843C22-D111-4B46-B16C-9E507DD540EF}.Debug|Any CPU.Build.0 = Debug|Any CPU
		{D7843C22-D111-4B46-B16C-9E507DD540EF}.Debug|ARM.ActiveCfg = Debug|ARM
		{D7843C22-D111-4B46-B16C-9E507DD540EF}.Debug|ARM.Build.0 = Debug|ARM
		{D7843C22-D111-4B46-B16C-9E507DD540EF}.Debug|x64.ActiveCfg = Debug|x64
		{D7843C22-D111-4B46-B16C-9E507DD540EF}.Debug|x64.Build.0 = Debug|x64
		{D7843C22-D111-4B46-B16C-9E507DD540EF}.Debug|x86.ActiveCfg = Debug|x86
		{D7843C22-D111-4B46-B16C-9E507DD540EF}.Debug|x86.Build.0 = Debug|x86
		{D7843C22-D111-4B46-B16C-9E507DD540EF}.Release|Any CPU.ActiveCfg = Release|Any CPU
		{D7843C22-D111-4B46-B16C-9E507DD540EF}.Release|Any CPU.Build.0 = Release|Any CPU
		{D7843C22-D111-4B46-B16C-9E507DD540EF}.Release|ARM.ActiveCfg = Release|ARM
		{D7843C22-D111-4B46-B16C-9E507DD540EF}.Release|ARM.Build.0 = Release|ARM
		{D7843C22-D111-4B46-B16C-9E507DD540EF}.Release|x64.ActiveCfg = Release|x64
		{D7843C22-D111-4B46-B16C-9E507DD540EF}.Release|x64.Build.0 = Release|x64
		{D7843C22-D111-4B46-B16C-9E507DD540EF}.Release|x86.ActiveCfg = Release|x86
		{D7843C22-D111-4B46-B16C-9E507DD540EF}.Release|x86.Build.0 = Release|x86
		{D0D2E019-A9A4-4598-954B-C560B4667D35}.Debug|Any CPU.ActiveCfg = Debug|Any CPU
		{D0D2E019-A9A4-4598-954B-C560B4667D35}.Debug|Any CPU.Build.0 = Debug|Any CPU
		{D0D2E019-A9A4-4598-954B-C560B4667D35}.Debug|ARM.ActiveCfg = Debug|ARM
		{D0D2E019-A9A4-4598-954B-C560B4667D35}.Debug|ARM.Build.0 = Debug|ARM
		{D0D2E019-A9A4-4598-954B-C560B4667D35}.Debug|x64.ActiveCfg = Debug|x64
		{D0D2E019-A9A4-4598-954B-C560B4667D35}.Debug|x64.Build.0 = Debug|x64
		{D0D2E019-A9A4-4598-954B-C560B4667D35}.Debug|x86.ActiveCfg = Debug|x86
		{D0D2E019-A9A4-4598-954B-C560B4667D35}.Debug|x86.Build.0 = Debug|x86
		{D0D2E019-A9A4-4598-954B-C560B4667D35}.Release|Any CPU.ActiveCfg = Release|Any CPU
		{D0D2E019-A9A4-4598-954B-C560B4667D35}.Release|Any CPU.Build.0 = Release|Any CPU
		{D0D2E019-A9A4-4598-954B-C560B4667D35}.Release|ARM.ActiveCfg = Release|ARM
		{D0D2E019-A9A4-4598-954B-C560B4667D35}.Release|ARM.Build.0 = Release|ARM
		{D0D2E019-A9A4-4598-954B-C560B4667D35}.Release|x64.ActiveCfg = Release|x64
		{D0D2E019-A9A4-4598-954B-C560B4667D35}.Release|x64.Build.0 = Release|x64
		{D0D2E019-A9A4-4598-954B-C560B4667D35}.Release|x86.ActiveCfg = Release|x86
		{D0D2E019-A9A4-4598-954B-C560B4667D35}.Release|x86.Build.0 = Release|x86
		{2A643A29-C3DE-4D85-951F-90F2F4A9804B}.Debug|Any CPU.ActiveCfg = Debug|Any CPU
		{2A643A29-C3DE-4D85-951F-90F2F4A9804B}.Debug|Any CPU.Build.0 = Debug|Any CPU
		{2A643A29-C3DE-4D85-951F-90F2F4A9804B}.Debug|ARM.ActiveCfg = Debug|ARM
		{2A643A29-C3DE-4D85-951F-90F2F4A9804B}.Debug|ARM.Build.0 = Debug|ARM
		{2A643A29-C3DE-4D85-951F-90F2F4A9804B}.Debug|x64.ActiveCfg = Debug|x64
		{2A643A29-C3DE-4D85-951F-90F2F4A9804B}.Debug|x64.Build.0 = Debug|x64
		{2A643A29-C3DE-4D85-951F-90F2F4A9804B}.Debug|x86.ActiveCfg = Debug|x86
		{2A643A29-C3DE-4D85-951F-90F2F4A9804B}.Debug|x86.Build.0 = Debug|x86
		{2A643A29-C3DE-4D85-951F-90F2F4A9804B}.Release|Any CPU.ActiveCfg = Release|Any CPU
		{2A643A29-C3DE-4D85-951F-90F2F4A9804B}.Release|Any CPU.Build.0 = Release|Any CPU
		{2A643A29-C3DE-4D85-951F-90F2F4A9804B}.Release|ARM.ActiveCfg = Release|ARM
		{2A643A29-C3DE-4D85-951F-90F2F4A9804B}.Release|ARM.Build.0 = Release|ARM
		{2A643A29-C3DE-4D85-951F-90F2F4A9804B}.Release|x64.ActiveCfg = Release|x64
		{2A643A29-C3DE-4D85-951F-90F2F4A9804B}.Release|x64.Build.0 = Release|x64
		{2A643A29-C3DE-4D85-951F-90F2F4A9804B}.Release|x86.ActiveCfg = Release|x86
		{2A643A29-C3DE-4D85-951F-90F2F4A9804B}.Release|x86.Build.0 = Release|x86
		{29165098-4BDB-4EDF-8A40-B80B2D89D292}.Debug|Any CPU.ActiveCfg = Debug|Any CPU
		{29165098-4BDB-4EDF-8A40-B80B2D89D292}.Debug|Any CPU.Build.0 = Debug|Any CPU
		{29165098-4BDB-4EDF-8A40-B80B2D89D292}.Debug|ARM.ActiveCfg = Debug|ARM
		{29165098-4BDB-4EDF-8A40-B80B2D89D292}.Debug|ARM.Build.0 = Debug|ARM
		{29165098-4BDB-4EDF-8A40-B80B2D89D292}.Debug|x64.ActiveCfg = Debug|x64
		{29165098-4BDB-4EDF-8A40-B80B2D89D292}.Debug|x64.Build.0 = Debug|x64
		{29165098-4BDB-4EDF-8A40-B80B2D89D292}.Debug|x86.ActiveCfg = Debug|x86
		{29165098-4BDB-4EDF-8A40-B80B2D89D292}.Debug|x86.Build.0 = Debug|x86
		{29165098-4BDB-4EDF-8A40-B80B2D89D292}.Release|Any CPU.ActiveCfg = Release|Any CPU
		{29165098-4BDB-4EDF-8A40-B80B2D89D292}.Release|Any CPU.Build.0 = Release|Any CPU
		{29165098-4BDB-4EDF-8A40-B80B2D89D292}.Release|ARM.ActiveCfg = Release|ARM
		{29165098-4BDB-4EDF-8A40-B80B2D89D292}.Release|ARM.Build.0 = Release|ARM
		{29165098-4BDB-4EDF-8A40-B80B2D89D292}.Release|x64.ActiveCfg = Release|x64
		{29165098-4BDB-4EDF-8A40-B80B2D89D292}.Release|x64.Build.0 = Release|x64
		{29165098-4BDB-4EDF-8A40-B80B2D89D292}.Release|x86.ActiveCfg = Release|x86
		{29165098-4BDB-4EDF-8A40-B80B2D89D292}.Release|x86.Build.0 = Release|x86
		{BA95EA77-C000-4CC7-8BC2-85E772200C8F}.Debug|Any CPU.ActiveCfg = Debug|Any CPU
		{BA95EA77-C000-4CC7-8BC2-85E772200C8F}.Debug|Any CPU.Build.0 = Debug|Any CPU
		{BA95EA77-C000-4CC7-8BC2-85E772200C8F}.Debug|ARM.ActiveCfg = Debug|ARM
		{BA95EA77-C000-4CC7-8BC2-85E772200C8F}.Debug|ARM.Build.0 = Debug|ARM
		{BA95EA77-C000-4CC7-8BC2-85E772200C8F}.Debug|x64.ActiveCfg = Debug|x64
		{BA95EA77-C000-4CC7-8BC2-85E772200C8F}.Debug|x64.Build.0 = Debug|x64
		{BA95EA77-C000-4CC7-8BC2-85E772200C8F}.Debug|x86.ActiveCfg = Debug|x86
		{BA95EA77-C000-4CC7-8BC2-85E772200C8F}.Debug|x86.Build.0 = Debug|x86
		{BA95EA77-C000-4CC7-8BC2-85E772200C8F}.Release|Any CPU.ActiveCfg = Release|Any CPU
		{BA95EA77-C000-4CC7-8BC2-85E772200C8F}.Release|Any CPU.Build.0 = Release|Any CPU
		{BA95EA77-C000-4CC7-8BC2-85E772200C8F}.Release|ARM.ActiveCfg = Release|ARM
		{BA95EA77-C000-4CC7-8BC2-85E772200C8F}.Release|ARM.Build.0 = Release|ARM
		{BA95EA77-C000-4CC7-8BC2-85E772200C8F}.Release|x64.ActiveCfg = Release|x64
		{BA95EA77-C000-4CC7-8BC2-85E772200C8F}.Release|x64.Build.0 = Release|x64
		{BA95EA77-C000-4CC7-8BC2-85E772200C8F}.Release|x86.ActiveCfg = Release|x86
		{BA95EA77-C000-4CC7-8BC2-85E772200C8F}.Release|x86.Build.0 = Release|x86
	EndGlobalSection
	GlobalSection(SolutionProperties) = preSolution
		HideSolutionNode = FALSE
	EndGlobalSection
	GlobalSection(NestedProjects) = preSolution
		{D0D2E019-A9A4-4598-954B-C560B4667D35} = {7A56E8CD-AC54-4733-80E4-8AC6A923C70D}
		{2A643A29-C3DE-4D85-951F-90F2F4A9804B} = {7A56E8CD-AC54-4733-80E4-8AC6A923C70D}
		{29165098-4BDB-4EDF-8A40-B80B2D89D292} = {7A56E8CD-AC54-4733-80E4-8AC6A923C70D}
		{BA95EA77-C000-4CC7-8BC2-85E772200C8F} = {7A56E8CD-AC54-4733-80E4-8AC6A923C70D}
	EndGlobalSection
EndGlobal
